
Microsoft Visual Studio Solution File, Format Version 12.00
# Visual Studio Version 16
VisualStudioVersion = 16.0.30804.86
MinimumVisualStudioVersion = 10.0.40219.1
Project("{FAE04EC0-301F-11D3-BF4B-00C04F79EFBC}") = "Final_project_Adina_Kinga", "Final_project_Adina_Kinga\Final_project_Adina_Kinga.csproj", "{C3975C40-8B58-4650-9ADC-C96524C99553}"
EndProject
Global
	GlobalSection(SolutionConfigurationPlatforms) = preSolution
		Debug|Any CPU = Debug|Any CPU
		Release|Any CPU = Release|Any CPU
	EndGlobalSection
	GlobalSection(ProjectConfigurationPlatforms) = postSolution
		{C3975C40-8B58-4650-9ADC-C96524C99553}.Debug|Any CPU.ActiveCfg = Debug|Any CPU
		{C3975C40-8B58-4650-9ADC-C96524C99553}.Debug|Any CPU.Build.0 = Debug|Any CPU
		{C3975C40-8B58-4650-9ADC-C96524C99553}.Release|Any CPU.ActiveCfg = Release|Any CPU
		{C3975C40-8B58-4650-9ADC-C96524C99553}.Release|Any CPU.Build.0 = Release|Any CPU
	EndGlobalSection
	GlobalSection(SolutionProperties) = preSolution
		HideSolutionNode = FALSE
	EndGlobalSection
	GlobalSection(ExtensibilityGlobals) = postSolution
		SolutionGuid = {66614902-E862-4F81-980F-7D45E77E985B}
	EndGlobalSection
EndGlobal
